// !$*UTF8*$!
{
	archiveVersion = 1;
	classes = {
	};
	objectVersion = 56;
	objects = {

/* Begin PBXBuildFile section */
		D6AB1E232AECA11D00D89234 /* HomeView.swift in Sources */ = {isa = PBXBuildFile; fileRef = D6AB1E222AECA11D00D89234 /* HomeView.swift */; };
		D6AB1E252AECA12C00D89234 /* HomeViewModel.swift in Sources */ = {isa = PBXBuildFile; fileRef = D6AB1E242AECA12C00D89234 /* HomeViewModel.swift */; };
		D6AB1E282AECA20600D89234 /* PlayerViewModel.swift in Sources */ = {isa = PBXBuildFile; fileRef = D6AB1E272AECA20600D89234 /* PlayerViewModel.swift */; };
		D6AB1E2A2AECA21100D89234 /* PlayerView.swift in Sources */ = {isa = PBXBuildFile; fileRef = D6AB1E292AECA21100D89234 /* PlayerView.swift */; };
		D6AB1E2D2AECA2B600D89234 /* PlyalistView.swift in Sources */ = {isa = PBXBuildFile; fileRef = D6AB1E2C2AECA2B600D89234 /* PlyalistView.swift */; };
		D6AB1E2F2AECA2CA00D89234 /* MusicDiscView.swift in Sources */ = {isa = PBXBuildFile; fileRef = D6AB1E2E2AECA2CA00D89234 /* MusicDiscView.swift */; };
		D6AB1E312AECA2F000D89234 /* MadeForView.swift in Sources */ = {isa = PBXBuildFile; fileRef = D6AB1E302AECA2F000D89234 /* MadeForView.swift */; };
		D6AB1E332AECA36400D89234 /* MusicModel.swift in Sources */ = {isa = PBXBuildFile; fileRef = D6AB1E322AECA36400D89234 /* MusicModel.swift */; };
		D6AB1E362AECA3BF00D89234 /* ColorExtension.swift in Sources */ = {isa = PBXBuildFile; fileRef = D6AB1E352AECA3BF00D89234 /* ColorExtension.swift */; };
		D6AB1E382AECA3DD00D89234 /* FontModifier.swift in Sources */ = {isa = PBXBuildFile; fileRef = D6AB1E372AECA3DD00D89234 /* FontModifier.swift */; };
		D6AB1E3A2AECA40B00D89234 /* ImageExtension.swift in Sources */ = {isa = PBXBuildFile; fileRef = D6AB1E392AECA40B00D89234 /* ImageExtension.swift */; };
		D6AB1E3C2AECA43B00D89234 /* NeuShadow.swift in Sources */ = {isa = PBXBuildFile; fileRef = D6AB1E3B2AECA43B00D89234 /* NeuShadow.swift */; };
		D6CF00A62AEAB1B6009DBD07 /* MusicPlayerApp.swift in Sources */ = {isa = PBXBuildFile; fileRef = D6CF00A52AEAB1B6009DBD07 /* MusicPlayerApp.swift */; };
		D6CF00AA2AEAB1B9009DBD07 /* Assets.xcassets in Resources */ = {isa = PBXBuildFile; fileRef = D6CF00A92AEAB1B9009DBD07 /* Assets.xcassets */; };
		D6CF00AE2AEAB1B9009DBD07 /* Preview Assets.xcassets in Resources */ = {isa = PBXBuildFile; fileRef = D6CF00AD2AEAB1B9009DBD07 /* Preview Assets.xcassets */; };
		D6CF00B82AEAB1BA009DBD07 /* HomeViewModelTests.swift in Sources */ = {isa = PBXBuildFile; fileRef = D6CF00B72AEAB1BA009DBD07 /* HomeViewModelTests.swift */; };
		D6CF00C22AEAB1BA009DBD07 /* MusicPlayerUITests.swift in Sources */ = {isa = PBXBuildFile; fileRef = D6CF00C12AEAB1BA009DBD07 /* MusicPlayerUITests.swift */; };
		D6CF00C42AEAB1BA009DBD07 /* MusicPlayerUITestsLaunchTests.swift in Sources */ = {isa = PBXBuildFile; fileRef = D6CF00C32AEAB1BA009DBD07 /* MusicPlayerUITestsLaunchTests.swift */; };
		D6CF00D62AEAB246009DBD07 /* APIHandler.swift in Sources */ = {isa = PBXBuildFile; fileRef = D6CF00D52AEAB246009DBD07 /* APIHandler.swift */; };
		D6CF00D82AEAB6D5009DBD07 /* AudioManager.swift in Sources */ = {isa = PBXBuildFile; fileRef = D6CF00D72AEAB6D5009DBD07 /* AudioManager.swift */; };
/* End PBXBuildFile section */

/* Begin PBXContainerItemProxy section */
		D6CF00B42AEAB1BA009DBD07 /* PBXContainerItemProxy */ = {
			isa = PBXContainerItemProxy;
			containerPortal = D6CF009A2AEAB1B6009DBD07 /* Project object */;
			proxyType = 1;
			remoteGlobalIDString = D6CF00A12AEAB1B6009DBD07;
			remoteInfo = MusicPlayer;
		};
		D6CF00BE2AEAB1BA009DBD07 /* PBXContainerItemProxy */ = {
			isa = PBXContainerItemProxy;
			containerPortal = D6CF009A2AEAB1B6009DBD07 /* Project object */;
			proxyType = 1;
			remoteGlobalIDString = D6CF00A12AEAB1B6009DBD07;
			remoteInfo = MusicPlayer;
		};
/* End PBXContainerItemProxy section */

/* Begin PBXFileReference section */
		D6AB1E222AECA11D00D89234 /* HomeView.swift */ = {isa = PBXFileReference; lastKnownFileType = sourcecode.swift; path = HomeView.swift; sourceTree = "<group>"; };
		D6AB1E242AECA12C00D89234 /* HomeViewModel.swift */ = {isa = PBXFileReference; lastKnownFileType = sourcecode.swift; path = HomeViewModel.swift; sourceTree = "<group>"; };
		D6AB1E272AECA20600D89234 /* PlayerViewModel.swift */ = {isa = PBXFileReference; lastKnownFileType = sourcecode.swift; path = PlayerViewModel.swift; sourceTree = "<group>"; };
		D6AB1E292AECA21100D89234 /* PlayerView.swift */ = {isa = PBXFileReference; lastKnownFileType = sourcecode.swift; path = PlayerView.swift; sourceTree = "<group>"; };
		D6AB1E2C2AECA2B600D89234 /* PlyalistView.swift */ = {isa = PBXFileReference; lastKnownFileType = sourcecode.swift; path = PlyalistView.swift; sourceTree = "<group>"; };
		D6AB1E2E2AECA2CA00D89234 /* MusicDiscView.swift */ = {isa = PBXFileReference; lastKnownFileType = sourcecode.swift; path = MusicDiscView.swift; sourceTree = "<group>"; };
		D6AB1E302AECA2F000D89234 /* MadeForView.swift */ = {isa = PBXFileReference; lastKnownFileType = sourcecode.swift; path = MadeForView.swift; sourceTree = "<group>"; };
		D6AB1E322AECA36400D89234 /* MusicModel.swift */ = {isa = PBXFileReference; lastKnownFileType = sourcecode.swift; path = MusicModel.swift; sourceTree = "<group>"; };
		D6AB1E352AECA3BF00D89234 /* ColorExtension.swift */ = {isa = PBXFileReference; lastKnownFileType = sourcecode.swift; path = ColorExtension.swift; sourceTree = "<group>"; };
		D6AB1E372AECA3DD00D89234 /* FontModifier.swift */ = {isa = PBXFileReference; lastKnownFileType = sourcecode.swift; path = FontModifier.swift; sourceTree = "<group>"; };
		D6AB1E392AECA40B00D89234 /* ImageExtension.swift */ = {isa = PBXFileReference; lastKnownFileType = sourcecode.swift; path = ImageExtension.swift; sourceTree = "<group>"; };
		D6AB1E3B2AECA43B00D89234 /* NeuShadow.swift */ = {isa = PBXFileReference; lastKnownFileType = sourcecode.swift; path = NeuShadow.swift; sourceTree = "<group>"; };
		D6AB1E412AECA50A00D89234 /* Lato-Black.ttf */ = {isa = PBXFileReference; lastKnownFileType = file; path = "Lato-Black.ttf"; sourceTree = "<group>"; };
		D6AB1E422AECA50A00D89234 /* Lato-Bold.ttf */ = {isa = PBXFileReference; lastKnownFileType = file; path = "Lato-Bold.ttf"; sourceTree = "<group>"; };
		D6AB1E432AECA50A00D89234 /* Lato-Semibold.ttf */ = {isa = PBXFileReference; lastKnownFileType = file; path = "Lato-Semibold.ttf"; sourceTree = "<group>"; };
		D6AB1E442AECA50A00D89234 /* Lato-Regular.ttf */ = {isa = PBXFileReference; lastKnownFileType = file; path = "Lato-Regular.ttf"; sourceTree = "<group>"; };
		D6CF00A22AEAB1B6009DBD07 /* MusicPlayer.app */ = {isa = PBXFileReference; explicitFileType = wrapper.application; includeInIndex = 0; path = MusicPlayer.app; sourceTree = BUILT_PRODUCTS_DIR; };
		D6CF00A52AEAB1B6009DBD07 /* MusicPlayerApp.swift */ = {isa = PBXFileReference; lastKnownFileType = sourcecode.swift; path = MusicPlayerApp.swift; sourceTree = "<group>"; };
		D6CF00A92AEAB1B9009DBD07 /* Assets.xcassets */ = {isa = PBXFileReference; lastKnownFileType = folder.assetcatalog; path = Assets.xcassets; sourceTree = "<group>"; };
		D6CF00AB2AEAB1B9009DBD07 /* MusicPlayer.entitlements */ = {isa = PBXFileReference; lastKnownFileType = text.plist.entitlements; path = MusicPlayer.entitlements; sourceTree = "<group>"; };
		D6CF00AD2AEAB1B9009DBD07 /* Preview Assets.xcassets */ = {isa = PBXFileReference; lastKnownFileType = folder.assetcatalog; path = "Preview Assets.xcassets"; sourceTree = "<group>"; };
		D6CF00B32AEAB1BA009DBD07 /* MusicPlayerTests.xctest */ = {isa = PBXFileReference; explicitFileType = wrapper.cfbundle; includeInIndex = 0; path = MusicPlayerTests.xctest; sourceTree = BUILT_PRODUCTS_DIR; };
		D6CF00B72AEAB1BA009DBD07 /* HomeViewModelTests.swift */ = {isa = PBXFileReference; lastKnownFileType = sourcecode.swift; path = HomeViewModelTests.swift; sourceTree = "<group>"; };
		D6CF00BD2AEAB1BA009DBD07 /* MusicPlayerUITests.xctest */ = {isa = PBXFileReference; explicitFileType = wrapper.cfbundle; includeInIndex = 0; path = MusicPlayerUITests.xctest; sourceTree = BUILT_PRODUCTS_DIR; };
		D6CF00C12AEAB1BA009DBD07 /* MusicPlayerUITests.swift */ = {isa = PBXFileReference; lastKnownFileType = sourcecode.swift; path = MusicPlayerUITests.swift; sourceTree = "<group>"; };
		D6CF00C32AEAB1BA009DBD07 /* MusicPlayerUITestsLaunchTests.swift */ = {isa = PBXFileReference; lastKnownFileType = sourcecode.swift; path = MusicPlayerUITestsLaunchTests.swift; sourceTree = "<group>"; };
		D6CF00D52AEAB246009DBD07 /* APIHandler.swift */ = {isa = PBXFileReference; lastKnownFileType = sourcecode.swift; path = APIHandler.swift; sourceTree = "<group>"; };
		D6CF00D72AEAB6D5009DBD07 /* AudioManager.swift */ = {isa = PBXFileReference; lastKnownFileType = sourcecode.swift; path = AudioManager.swift; sourceTree = "<group>"; };
/* End PBXFileReference section */

/* Begin PBXFrameworksBuildPhase section */
		D6CF009F2AEAB1B6009DBD07 /* Frameworks */ = {
			isa = PBXFrameworksBuildPhase;
			buildActionMask = 2147483647;
			files = (
			);
			runOnlyForDeploymentPostprocessing = 0;
		};
		D6CF00B02AEAB1BA009DBD07 /* Frameworks */ = {
			isa = PBXFrameworksBuildPhase;
			buildActionMask = 2147483647;
			files = (
			);
			runOnlyForDeploymentPostprocessing = 0;
		};
		D6CF00BA2AEAB1BA009DBD07 /* Frameworks */ = {
			isa = PBXFrameworksBuildPhase;
			buildActionMask = 2147483647;
			files = (
			);
			runOnlyForDeploymentPostprocessing = 0;
		};
/* End PBXFrameworksBuildPhase section */

/* Begin PBXGroup section */
		D6AB1E212AECA10000D89234 /* Home */ = {
			isa = PBXGroup;
			children = (
				D6AB1E222AECA11D00D89234 /* HomeView.swift */,
				D6AB1E242AECA12C00D89234 /* HomeViewModel.swift */,
			);
			path = Home;
			sourceTree = "<group>";
		};
		D6AB1E262AECA1E100D89234 /* Player */ = {
			isa = PBXGroup;
			children = (
				D6AB1E292AECA21100D89234 /* PlayerView.swift */,
				D6AB1E272AECA20600D89234 /* PlayerViewModel.swift */,
			);
			path = Player;
			sourceTree = "<group>";
		};
		D6AB1E2B2AECA28500D89234 /* Views */ = {
			isa = PBXGroup;
			children = (
				D6AB1E2C2AECA2B600D89234 /* PlyalistView.swift */,
				D6AB1E2E2AECA2CA00D89234 /* MusicDiscView.swift */,
				D6AB1E302AECA2F000D89234 /* MadeForView.swift */,
			);
			path = Views;
			sourceTree = "<group>";
		};
		D6AB1E342AECA39500D89234 /* Helpers */ = {
			isa = PBXGroup;
			children = (
				D6AB1E352AECA3BF00D89234 /* ColorExtension.swift */,
				D6AB1E372AECA3DD00D89234 /* FontModifier.swift */,
				D6AB1E392AECA40B00D89234 /* ImageExtension.swift */,
				D6AB1E3B2AECA43B00D89234 /* NeuShadow.swift */,
			);
			path = Helpers;
			sourceTree = "<group>";
		};
		D6AB1E3F2AECA4E900D89234 /* Resources */ = {
			isa = PBXGroup;
			children = (
				D6AB1E402AECA4F300D89234 /* Fonts */,
			);
			path = Resources;
			sourceTree = "<group>";
		};
		D6AB1E402AECA4F300D89234 /* Fonts */ = {
			isa = PBXGroup;
			children = (
				D6AB1E412AECA50A00D89234 /* Lato-Black.ttf */,
				D6AB1E422AECA50A00D89234 /* Lato-Bold.ttf */,
				D6AB1E442AECA50A00D89234 /* Lato-Regular.ttf */,
				D6AB1E432AECA50A00D89234 /* Lato-Semibold.ttf */,
			);
			path = Fonts;
			sourceTree = "<group>";
		};
		D6CF00992AEAB1B6009DBD07 = {
			isa = PBXGroup;
			children = (
				D6CF00A42AEAB1B6009DBD07 /* MusicPlayer */,
				D6CF00B62AEAB1BA009DBD07 /* MusicPlayerTests */,
				D6CF00C02AEAB1BA009DBD07 /* MusicPlayerUITests */,
				D6CF00A32AEAB1B6009DBD07 /* Products */,
			);
			sourceTree = "<group>";
		};
		D6CF00A32AEAB1B6009DBD07 /* Products */ = {
			isa = PBXGroup;
			children = (
				D6CF00A22AEAB1B6009DBD07 /* MusicPlayer.app */,
				D6CF00B32AEAB1BA009DBD07 /* MusicPlayerTests.xctest */,
				D6CF00BD2AEAB1BA009DBD07 /* MusicPlayerUITests.xctest */,
			);
			name = Products;
			sourceTree = "<group>";
		};
		D6CF00A42AEAB1B6009DBD07 /* MusicPlayer */ = {
			isa = PBXGroup;
			children = (
				D6CF00A52AEAB1B6009DBD07 /* MusicPlayerApp.swift */,
				D6CF00D72AEAB6D5009DBD07 /* AudioManager.swift */,
				D6CF00D52AEAB246009DBD07 /* APIHandler.swift */,
				D6AB1E3F2AECA4E900D89234 /* Resources */,
				D6AB1E342AECA39500D89234 /* Helpers */,
				D6AB1E2B2AECA28500D89234 /* Views */,
				D6AB1E262AECA1E100D89234 /* Player */,
				D6AB1E212AECA10000D89234 /* Home */,
				D6AB1E322AECA36400D89234 /* MusicModel.swift */,
				D6CF00A92AEAB1B9009DBD07 /* Assets.xcassets */,
				D6CF00AB2AEAB1B9009DBD07 /* MusicPlayer.entitlements */,
				D6CF00AC2AEAB1B9009DBD07 /* Preview Content */,
			);
			path = MusicPlayer;
			sourceTree = "<group>";
		};
		D6CF00AC2AEAB1B9009DBD07 /* Preview Content */ = {
			isa = PBXGroup;
			children = (
				D6CF00AD2AEAB1B9009DBD07 /* Preview Assets.xcassets */,
			);
			path = "Preview Content";
			sourceTree = "<group>";
		};
		D6CF00B62AEAB1BA009DBD07 /* MusicPlayerTests */ = {
			isa = PBXGroup;
			children = (
				D6CF00B72AEAB1BA009DBD07 /* HomeViewModelTests.swift */,
			);
			path = MusicPlayerTests;
			sourceTree = "<group>";
		};
		D6CF00C02AEAB1BA009DBD07 /* MusicPlayerUITests */ = {
			isa = PBXGroup;
			children = (
				D6CF00C12AEAB1BA009DBD07 /* MusicPlayerUITests.swift */,
				D6CF00C32AEAB1BA009DBD07 /* MusicPlayerUITestsLaunchTests.swift */,
			);
			path = MusicPlayerUITests;
			sourceTree = "<group>";
		};
/* End PBXGroup section */

/* Begin PBXNativeTarget section */
		D6CF00A12AEAB1B6009DBD07 /* MusicPlayer */ = {
			isa = PBXNativeTarget;
			buildConfigurationList = D6CF00C72AEAB1BA009DBD07 /* Build configuration list for PBXNativeTarget "MusicPlayer" */;
			buildPhases = (
				D6CF009E2AEAB1B6009DBD07 /* Sources */,
				D6CF009F2AEAB1B6009DBD07 /* Frameworks */,
				D6CF00A02AEAB1B6009DBD07 /* Resources */,
			);
			buildRules = (
			);
			dependencies = (
			);
			name = MusicPlayer;
			productName = MusicPlayer;
			productReference = D6CF00A22AEAB1B6009DBD07 /* MusicPlayer.app */;
			productType = "com.apple.product-type.application";
		};
		D6CF00B22AEAB1BA009DBD07 /* MusicPlayerTests */ = {
			isa = PBXNativeTarget;
			buildConfigurationList = D6CF00CA2AEAB1BA009DBD07 /* Build configuration list for PBXNativeTarget "MusicPlayerTests" */;
			buildPhases = (
				D6CF00AF2AEAB1BA009DBD07 /* Sources */,
				D6CF00B02AEAB1BA009DBD07 /* Frameworks */,
				D6CF00B12AEAB1BA009DBD07 /* Resources */,
			);
			buildRules = (
			);
			dependencies = (
				D6CF00B52AEAB1BA009DBD07 /* PBXTargetDependency */,
			);
			name = MusicPlayerTests;
			productName = MusicPlayerTests;
			productReference = D6CF00B32AEAB1BA009DBD07 /* MusicPlayerTests.xctest */;
			productType = "com.apple.product-type.bundle.unit-test";
		};
		D6CF00BC2AEAB1BA009DBD07 /* MusicPlayerUITests */ = {
			isa = PBXNativeTarget;
			buildConfigurationList = D6CF00CD2AEAB1BA009DBD07 /* Build configuration list for PBXNativeTarget "MusicPlayerUITests" */;
			buildPhases = (
				D6CF00B92AEAB1BA009DBD07 /* Sources */,
				D6CF00BA2AEAB1BA009DBD07 /* Frameworks */,
				D6CF00BB2AEAB1BA009DBD07 /* Resources */,
			);
			buildRules = (
			);
			dependencies = (
				D6CF00BF2AEAB1BA009DBD07 /* PBXTargetDependency */,
			);
			name = MusicPlayerUITests;
			productName = MusicPlayerUITests;
			productReference = D6CF00BD2AEAB1BA009DBD07 /* MusicPlayerUITests.xctest */;
			productType = "com.apple.product-type.bundle.ui-testing";
		};
/* End PBXNativeTarget section */

/* Begin PBXProject section */
		D6CF009A2AEAB1B6009DBD07 /* Project object */ = {
			isa = PBXProject;
			attributes = {
				BuildIndependentTargetsInParallel = 1;
				LastSwiftUpdateCheck = 1500;
				LastUpgradeCheck = 1500;
				TargetAttributes = {
					D6CF00A12AEAB1B6009DBD07 = {
						CreatedOnToolsVersion = 15.0.1;
					};
					D6CF00B22AEAB1BA009DBD07 = {
						CreatedOnToolsVersion = 15.0.1;
						TestTargetID = D6CF00A12AEAB1B6009DBD07;
					};
					D6CF00BC2AEAB1BA009DBD07 = {
						CreatedOnToolsVersion = 15.0.1;
						TestTargetID = D6CF00A12AEAB1B6009DBD07;
					};
				};
			};
			buildConfigurationList = D6CF009D2AEAB1B6009DBD07 /* Build configuration list for PBXProject "MusicPlayer" */;
			compatibilityVersion = "Xcode 14.0";
			developmentRegion = en;
			hasScannedForEncodings = 0;
			knownRegions = (
				en,
				Base,
			);
			mainGroup = D6CF00992AEAB1B6009DBD07;
			productRefGroup = D6CF00A32AEAB1B6009DBD07 /* Products */;
			projectDirPath = "";
			projectRoot = "";
			targets = (
				D6CF00A12AEAB1B6009DBD07 /* MusicPlayer */,
				D6CF00B22AEAB1BA009DBD07 /* MusicPlayerTests */,
				D6CF00BC2AEAB1BA009DBD07 /* MusicPlayerUITests */,
			);
		};
/* End PBXProject section */

/* Begin PBXResourcesBuildPhase section */
		D6CF00A02AEAB1B6009DBD07 /* Resources */ = {
			isa = PBXResourcesBuildPhase;
			buildActionMask = 2147483647;
			files = (
				D6CF00AE2AEAB1B9009DBD07 /* Preview Assets.xcassets in Resources */,
				D6CF00AA2AEAB1B9009DBD07 /* Assets.xcassets in Resources */,
			);
			runOnlyForDeploymentPostprocessing = 0;
		};
		D6CF00B12AEAB1BA009DBD07 /* Resources */ = {
			isa = PBXResourcesBuildPhase;
			buildActionMask = 2147483647;
			files = (
			);
			runOnlyForDeploymentPostprocessing = 0;
		};
		D6CF00BB2AEAB1BA009DBD07 /* Resources */ = {
			isa = PBXResourcesBuildPhase;
			buildActionMask = 2147483647;
			files = (
			);
			runOnlyForDeploymentPostprocessing = 0;
		};
/* End PBXResourcesBuildPhase section */

/* Begin PBXSourcesBuildPhase section */
		D6CF009E2AEAB1B6009DBD07 /* Sources */ = {
			isa = PBXSourcesBuildPhase;
			buildActionMask = 2147483647;
			files = (
				D6AB1E2A2AECA21100D89234 /* PlayerView.swift in Sources */,
				D6AB1E312AECA2F000D89234 /* MadeForView.swift in Sources */,
				D6AB1E382AECA3DD00D89234 /* FontModifier.swift in Sources */,
				D6AB1E3C2AECA43B00D89234 /* NeuShadow.swift in Sources */,
				D6AB1E282AECA20600D89234 /* PlayerViewModel.swift in Sources */,
				D6AB1E2F2AECA2CA00D89234 /* MusicDiscView.swift in Sources */,
				D6AB1E362AECA3BF00D89234 /* ColorExtension.swift in Sources */,
				D6CF00D62AEAB246009DBD07 /* APIHandler.swift in Sources */,
				D6AB1E2D2AECA2B600D89234 /* PlyalistView.swift in Sources */,
				D6AB1E252AECA12C00D89234 /* HomeViewModel.swift in Sources */,
				D6CF00A62AEAB1B6009DBD07 /* MusicPlayerApp.swift in Sources */,
				D6AB1E332AECA36400D89234 /* MusicModel.swift in Sources */,
				D6AB1E232AECA11D00D89234 /* HomeView.swift in Sources */,
				D6CF00D82AEAB6D5009DBD07 /* AudioManager.swift in Sources */,
				D6AB1E3A2AECA40B00D89234 /* ImageExtension.swift in Sources */,
			);
			runOnlyForDeploymentPostprocessing = 0;
		};
		D6CF00AF2AEAB1BA009DBD07 /* Sources */ = {
			isa = PBXSourcesBuildPhase;
			buildActionMask = 2147483647;
			files = (
				D6CF00B82AEAB1BA009DBD07 /* HomeViewModelTests.swift in Sources */,
			);
			runOnlyForDeploymentPostprocessing = 0;
		};
		D6CF00B92AEAB1BA009DBD07 /* Sources */ = {
			isa = PBXSourcesBuildPhase;
			buildActionMask = 2147483647;
			files = (
				D6CF00C22AEAB1BA009DBD07 /* MusicPlayerUITests.swift in Sources */,
				D6CF00C42AEAB1BA009DBD07 /* MusicPlayerUITestsLaunchTests.swift in Sources */,
			);
			runOnlyForDeploymentPostprocessing = 0;
		};
/* End PBXSourcesBuildPhase section */

/* Begin PBXTargetDependency section */
		D6CF00B52AEAB1BA009DBD07 /* PBXTargetDependency */ = {
			isa = PBXTargetDependency;
			target = D6CF00A12AEAB1B6009DBD07 /* MusicPlayer */;
			targetProxy = D6CF00B42AEAB1BA009DBD07 /* PBXContainerItemProxy */;
		};
		D6CF00BF2AEAB1BA009DBD07 /* PBXTargetDependency */ = {
			isa = PBXTargetDependency;
			target = D6CF00A12AEAB1B6009DBD07 /* MusicPlayer */;
			targetProxy = D6CF00BE2AEAB1BA009DBD07 /* PBXContainerItemProxy */;
		};
/* End PBXTargetDependency section */

/* Begin XCBuildConfiguration section */
		D6CF00C52AEAB1BA009DBD07 /* Debug */ = {
			isa = XCBuildConfiguration;
			buildSettings = {
				ALWAYS_SEARCH_USER_PATHS = NO;
				ASSETCATALOG_COMPILER_GENERATE_SWIFT_ASSET_SYMBOL_EXTENSIONS = YES;
				CLANG_ANALYZER_NONNULL = YES;
				CLANG_ANALYZER_NUMBER_OBJECT_CONVERSION = YES_AGGRESSIVE;
				CLANG_CXX_LANGUAGE_STANDARD = "gnu++20";
				CLANG_ENABLE_MODULES = YES;
				CLANG_ENABLE_OBJC_ARC = YES;
				CLANG_ENABLE_OBJC_WEAK = YES;
				CLANG_WARN_BLOCK_CAPTURE_AUTORELEASING = YES;
				CLANG_WARN_BOOL_CONVERSION = YES;
				CLANG_WARN_COMMA = YES;
				CLANG_WARN_CONSTANT_CONVERSION = YES;
				CLANG_WARN_DEPRECATED_OBJC_IMPLEMENTATIONS = YES;
				CLANG_WARN_DIRECT_OBJC_ISA_USAGE = YES_ERROR;
				CLANG_WARN_DOCUMENTATION_COMMENTS = YES;
				CLANG_WARN_EMPTY_BODY = YES;
				CLANG_WARN_ENUM_CONVERSION = YES;
				CLANG_WARN_INFINITE_RECURSION = YES;
				CLANG_WARN_INT_CONVERSION = YES;
				CLANG_WARN_NON_LITERAL_NULL_CONVERSION = YES;
				CLANG_WARN_OBJC_IMPLICIT_RETAIN_SELF = YES;
				CLANG_WARN_OBJC_LITERAL_CONVERSION = YES;
				CLANG_WARN_OBJC_ROOT_CLASS = YES_ERROR;
				CLANG_WARN_QUOTED_INCLUDE_IN_FRAMEWORK_HEADER = YES;
				CLANG_WARN_RANGE_LOOP_ANALYSIS = YES;
				CLANG_WARN_STRICT_PROTOTYPES = YES;
				CLANG_WARN_SUSPICIOUS_MOVE = YES;
				CLANG_WARN_UNGUARDED_AVAILABILITY = YES_AGGRESSIVE;
				CLANG_WARN_UNREACHABLE_CODE = YES;
				CLANG_WARN__DUPLICATE_METHOD_MATCH = YES;
				COPY_PHASE_STRIP = NO;
				DEBUG_INFORMATION_FORMAT = dwarf;
				ENABLE_STRICT_OBJC_MSGSEND = YES;
				ENABLE_TESTABILITY = YES;
				ENABLE_USER_SCRIPT_SANDBOXING = YES;
				GCC_C_LANGUAGE_STANDARD = gnu17;
				GCC_DYNAMIC_NO_PIC = NO;
				GCC_NO_COMMON_BLOCKS = YES;
				GCC_OPTIMIZATION_LEVEL = 0;
				GCC_PREPROCESSOR_DEFINITIONS = (
					"DEBUG=1",
					"$(inherited)",
				);
				GCC_WARN_64_TO_32_BIT_CONVERSION = YES;
				GCC_WARN_ABOUT_RETURN_TYPE = YES_ERROR;
				GCC_WARN_UNDECLARED_SELECTOR = YES;
				GCC_WARN_UNINITIALIZED_AUTOS = YES_AGGRESSIVE;
				GCC_WARN_UNUSED_FUNCTION = YES;
				GCC_WARN_UNUSED_VARIABLE = YES;
				LOCALIZATION_PREFERS_STRING_CATALOGS = YES;
				MTL_ENABLE_DEBUG_INFO = INCLUDE_SOURCE;
				MTL_FAST_MATH = YES;
				ONLY_ACTIVE_ARCH = YES;
				SWIFT_ACTIVE_COMPILATION_CONDITIONS = "DEBUG $(inherited)";
				SWIFT_OPTIMIZATION_LEVEL = "-Onone";
			};
			name = Debug;
		};
		D6CF00C62AEAB1BA009DBD07 /* Release */ = {
			isa = XCBuildConfiguration;
			buildSettings = {
				ALWAYS_SEARCH_USER_PATHS = NO;
				ASSETCATALOG_COMPILER_GENERATE_SWIFT_ASSET_SYMBOL_EXTENSIONS = YES;
				CLANG_ANALYZER_NONNULL = YES;
				CLANG_ANALYZER_NUMBER_OBJECT_CONVERSION = YES_AGGRESSIVE;
				CLANG_CXX_LANGUAGE_STANDARD = "gnu++20";
				CLANG_ENABLE_MODULES = YES;
				CLANG_ENABLE_OBJC_ARC = YES;
				CLANG_ENABLE_OBJC_WEAK = YES;
				CLANG_WARN_BLOCK_CAPTURE_AUTORELEASING = YES;
				CLANG_WARN_BOOL_CONVERSION = YES;
				CLANG_WARN_COMMA = YES;
				CLANG_WARN_CONSTANT_CONVERSION = YES;
				CLANG_WARN_DEPRECATED_OBJC_IMPLEMENTATIONS = YES;
				CLANG_WARN_DIRECT_OBJC_ISA_USAGE = YES_ERROR;
				CLANG_WARN_DOCUMENTATION_COMMENTS = YES;
				CLANG_WARN_EMPTY_BODY = YES;
				CLANG_WARN_ENUM_CONVERSION = YES;
				CLANG_WARN_INFINITE_RECURSION = YES;
				CLANG_WARN_INT_CONVERSION = YES;
				CLANG_WARN_NON_LITERAL_NULL_CONVERSION = YES;
				CLANG_WARN_OBJC_IMPLICIT_RETAIN_SELF = YES;
				CLANG_WARN_OBJC_LITERAL_CONVERSION = YES;
				CLANG_WARN_OBJC_ROOT_CLASS = YES_ERROR;
				CLANG_WARN_QUOTED_INCLUDE_IN_FRAMEWORK_HEADER = YES;
				CLANG_WARN_RANGE_LOOP_ANALYSIS = YES;
				CLANG_WARN_STRICT_PROTOTYPES = YES;
				CLANG_WARN_SUSPICIOUS_MOVE = YES;
				CLANG_WARN_UNGUARDED_AVAILABILITY = YES_AGGRESSIVE;
				CLANG_WARN_UNREACHABLE_CODE = YES;
				CLANG_WARN__DUPLICATE_METHOD_MATCH = YES;
				COPY_PHASE_STRIP = NO;
				DEBUG_INFORMATION_FORMAT = "dwarf-with-dsym";
				ENABLE_NS_ASSERTIONS = NO;
				ENABLE_STRICT_OBJC_MSGSEND = YES;
				ENABLE_USER_SCRIPT_SANDBOXING = YES;
				GCC_C_LANGUAGE_STANDARD = gnu17;
				GCC_NO_COMMON_BLOCKS = YES;
				GCC_WARN_64_TO_32_BIT_CONVERSION = YES;
				GCC_WARN_ABOUT_RETURN_TYPE = YES_ERROR;
				GCC_WARN_UNDECLARED_SELECTOR = YES;
				GCC_WARN_UNINITIALIZED_AUTOS = YES_AGGRESSIVE;
				GCC_WARN_UNUSED_FUNCTION = YES;
				GCC_WARN_UNUSED_VARIABLE = YES;
				LOCALIZATION_PREFERS_STRING_CATALOGS = YES;
				MTL_ENABLE_DEBUG_INFO = NO;
				MTL_FAST_MATH = YES;
				SWIFT_COMPILATION_MODE = wholemodule;
			};
			name = Release;
		};
		D6CF00C82AEAB1BA009DBD07 /* Debug */ = {
			isa = XCBuildConfiguration;
			buildSettings = {
				ASSETCATALOG_COMPILER_APPICON_NAME = AppIcon;
				ASSETCATALOG_COMPILER_GLOBAL_ACCENT_COLOR_NAME = AccentColor;
				CODE_SIGN_ENTITLEMENTS = MusicPlayer/MusicPlayer.entitlements;
				CODE_SIGN_STYLE = Automatic;
				CURRENT_PROJECT_VERSION = 1;
				DEVELOPMENT_ASSET_PATHS = "\"MusicPlayer/Preview Content\"";
				DEVELOPMENT_TEAM = KFFGWW94BP;
				ENABLE_HARDENED_RUNTIME = YES;
				ENABLE_PREVIEWS = YES;
				GENERATE_INFOPLIST_FILE = YES;
				INFOPLIST_KEY_LSApplicationCategoryType = "public.app-category.music";
				"INFOPLIST_KEY_UIApplicationSceneManifest_Generation[sdk=iphoneos*]" = YES;
				"INFOPLIST_KEY_UIApplicationSceneManifest_Generation[sdk=iphonesimulator*]" = YES;
				"INFOPLIST_KEY_UIApplicationSupportsIndirectInputEvents[sdk=iphoneos*]" = YES;
				"INFOPLIST_KEY_UIApplicationSupportsIndirectInputEvents[sdk=iphonesimulator*]" = YES;
				"INFOPLIST_KEY_UILaunchScreen_Generation[sdk=iphoneos*]" = YES;
				"INFOPLIST_KEY_UILaunchScreen_Generation[sdk=iphonesimulator*]" = YES;
				"INFOPLIST_KEY_UIStatusBarStyle[sdk=iphoneos*]" = UIStatusBarStyleDefault;
				"INFOPLIST_KEY_UIStatusBarStyle[sdk=iphonesimulator*]" = UIStatusBarStyleDefault;
				INFOPLIST_KEY_UISupportedInterfaceOrientations_iPad = "UIInterfaceOrientationPortrait UIInterfaceOrientationPortraitUpsideDown UIInterfaceOrientationLandscapeLeft UIInterfaceOrientationLandscapeRight";
				INFOPLIST_KEY_UISupportedInterfaceOrientations_iPhone = "UIInterfaceOrientationPortrait UIInterfaceOrientationLandscapeLeft UIInterfaceOrientationLandscapeRight";
				IPHONEOS_DEPLOYMENT_TARGET = 17.0;
				LD_RUNPATH_SEARCH_PATHS = "@executable_path/Frameworks";
				"LD_RUNPATH_SEARCH_PATHS[sdk=macosx*]" = "@executable_path/../Frameworks";
				MACOSX_DEPLOYMENT_TARGET = 14.0;
				MARKETING_VERSION = 1.0;
				PRODUCT_BUNDLE_IDENTIFIER = sambit.das.MusicPlayer;
				PRODUCT_NAME = "$(TARGET_NAME)";
				SDKROOT = auto;
				SUPPORTED_PLATFORMS = "iphoneos iphonesimulator macosx";
				SWIFT_EMIT_LOC_STRINGS = YES;
				SWIFT_VERSION = 5.0;
				TARGETED_DEVICE_FAMILY = "1,2";
			};
			name = Debug;
		};
		D6CF00C92AEAB1BA009DBD07 /* Release */ = {
			isa = XCBuildConfiguration;
			buildSettings = {
				ASSETCATALOG_COMPILER_APPICON_NAME = AppIcon;
				ASSETCATALOG_COMPILER_GLOBAL_ACCENT_COLOR_NAME = AccentColor;
				CODE_SIGN_ENTITLEMENTS = MusicPlayer/MusicPlayer.entitlements;
				CODE_SIGN_STYLE = Automatic;
				CURRENT_PROJECT_VERSION = 1;
				DEVELOPMENT_ASSET_PATHS = "\"MusicPlayer/Preview Content\"";
				DEVELOPMENT_TEAM = KFFGWW94BP;
				ENABLE_HARDENED_RUNTIME = YES;
				ENABLE_PREVIEWS = YES;
				GENERATE_INFOPLIST_FILE = YES;
				INFOPLIST_KEY_LSApplicationCategoryType = "public.app-category.music";
				"INFOPLIST_KEY_UIApplicationSceneManifest_Generation[sdk=iphoneos*]" = YES;
				"INFOPLIST_KEY_UIApplicationSceneManifest_Generation[sdk=iphonesimulator*]" = YES;
				"INFOPLIST_KEY_UIApplicationSupportsIndirectInputEvents[sdk=iphoneos*]" = YES;
				"INFOPLIST_KEY_UIApplicationSupportsIndirectInputEvents[sdk=iphonesimulator*]" = YES;
				"INFOPLIST_KEY_UILaunchScreen_Generation[sdk=iphoneos*]" = YES;
				"INFOPLIST_KEY_UILaunchScreen_Generation[sdk=iphonesimulator*]" = YES;
				"INFOPLIST_KEY_UIStatusBarStyle[sdk=iphoneos*]" = UIStatusBarStyleDefault;
				"INFOPLIST_KEY_UIStatusBarStyle[sdk=iphonesimulator*]" = UIStatusBarStyleDefault;
				INFOPLIST_KEY_UISupportedInterfaceOrientations_iPad = "UIInterfaceOrientationPortrait UIInterfaceOrientationPortraitUpsideDown UIInterfaceOrientationLandscapeLeft UIInterfaceOrientationLandscapeRight";
				INFOPLIST_KEY_UISupportedInterfaceOrientations_iPhone = "UIInterfaceOrientationPortrait UIInterfaceOrientationLandscapeLeft UIInterfaceOrientationLandscapeRight";
				IPHONEOS_DEPLOYMENT_TARGET = 17.0;
				LD_RUNPATH_SEARCH_PATHS = "@executable_path/Frameworks";
				"LD_RUNPATH_SEARCH_PATHS[sdk=macosx*]" = "@executable_path/../Frameworks";
				MACOSX_DEPLOYMENT_TARGET = 14.0;
				MARKETING_VERSION = 1.0;
				PRODUCT_BUNDLE_IDENTIFIER = sambit.das.MusicPlayer;
				PRODUCT_NAME = "$(TARGET_NAME)";
				SDKROOT = auto;
				SUPPORTED_PLATFORMS = "iphoneos iphonesimulator macosx";
				SWIFT_EMIT_LOC_STRINGS = YES;
				SWIFT_VERSION = 5.0;
				TARGETED_DEVICE_FAMILY = "1,2";
			};
			name = Release;
		};
		D6CF00CB2AEAB1BA009DBD07 /* Debug */ = {
			isa = XCBuildConfiguration;
			buildSettings = {
				ALWAYS_EMBED_SWIFT_STANDARD_LIBRARIES = YES;
				BUNDLE_LOADER = "$(TEST_HOST)";
				CODE_SIGN_STYLE = Automatic;
				CURRENT_PROJECT_VERSION = 1;
				DEVELOPMENT_TEAM = KFFGWW94BP;
				GENERATE_INFOPLIST_FILE = YES;
				IPHONEOS_DEPLOYMENT_TARGET = 17.0;
				MACOSX_DEPLOYMENT_TARGET = 14.0;
				MARKETING_VERSION = 1.0;
				PRODUCT_BUNDLE_IDENTIFIER = sambit.das.MusicPlayerTests;
				PRODUCT_NAME = "$(TARGET_NAME)";
				SDKROOT = auto;
				SUPPORTED_PLATFORMS = "iphoneos iphonesimulator macosx";
				SWIFT_EMIT_LOC_STRINGS = NO;
				SWIFT_VERSION = 5.0;
				TARGETED_DEVICE_FAMILY = "1,2";
				TEST_HOST = "$(BUILT_PRODUCTS_DIR)/MusicPlayer.app/$(BUNDLE_EXECUTABLE_FOLDER_PATH)/MusicPlayer";
			};
			name = Debug;
		};
		D6CF00CC2AEAB1BA009DBD07 /* Release */ = {
			isa = XCBuildConfiguration;
			buildSettings = {
				ALWAYS_EMBED_SWIFT_STANDARD_LIBRARIES = YES;
				BUNDLE_LOADER = "$(TEST_HOST)";
				CODE_SIGN_STYLE = Automatic;
				CURRENT_PROJECT_VERSION = 1;
				DEVELOPMENT_TEAM = KFFGWW94BP;
				GENERATE_INFOPLIST_FILE = YES;
				IPHONEOS_DEPLOYMENT_TARGET = 17.0;
				MACOSX_DEPLOYMENT_TARGET = 14.0;
				MARKETING_VERSION = 1.0;
				PRODUCT_BUNDLE_IDENTIFIER = sambit.das.MusicPlayerTests;
				PRODUCT_NAME = "$(TARGET_NAME)";
				SDKROOT = auto;
				SUPPORTED_PLATFORMS = "iphoneos iphonesimulator macosx";
				SWIFT_EMIT_LOC_STRINGS = NO;
				SWIFT_VERSION = 5.0;
				TARGETED_DEVICE_FAMILY = "1,2";
				TEST_HOST = "$(BUILT_PRODUCTS_DIR)/MusicPlayer.app/$(BUNDLE_EXECUTABLE_FOLDER_PATH)/MusicPlayer";
			};
			name = Release;
		};
		D6CF00CE2AEAB1BA009DBD07 /* Debug */ = {
			isa = XCBuildConfiguration;
			buildSettings = {
				ALWAYS_EMBED_SWIFT_STANDARD_LIBRARIES = YES;
				CODE_SIGN_STYLE = Automatic;
				CURRENT_PROJECT_VERSION = 1;
				DEVELOPMENT_TEAM = KFFGWW94BP;
				GENERATE_INFOPLIST_FILE = YES;
				IPHONEOS_DEPLOYMENT_TARGET = 17.0;
				MACOSX_DEPLOYMENT_TARGET = 14.0;
				MARKETING_VERSION = 1.0;
				PRODUCT_BUNDLE_IDENTIFIER = sambit.das.MusicPlayerUITests;
				PRODUCT_NAME = "$(TARGET_NAME)";
				SDKROOT = auto;
				SUPPORTED_PLATFORMS = "iphoneos iphonesimulator macosx";
				SWIFT_EMIT_LOC_STRINGS = NO;
				SWIFT_VERSION = 5.0;
				TARGETED_DEVICE_FAMILY = "1,2";
				TEST_TARGET_NAME = MusicPlayer;
			};
			name = Debug;
		};
		D6CF00CF2AEAB1BA009DBD07 /* Release */ = {
			isa = XCBuildConfiguration;
			buildSettings = {
				ALWAYS_EMBED_SWIFT_STANDARD_LIBRARIES = YES;
				CODE_SIGN_STYLE = Automatic;
				CURRENT_PROJECT_VERSION = 1;
				DEVELOPMENT_TEAM = KFFGWW94BP;
				GENERATE_INFOPLIST_FILE = YES;
				IPHONEOS_DEPLOYMENT_TARGET = 17.0;
				MACOSX_DEPLOYMENT_TARGET = 14.0;
				MARKETING_VERSION = 1.0;
				PRODUCT_BUNDLE_IDENTIFIER = sambit.das.MusicPlayerUITests;
				PRODUCT_NAME = "$(TARGET_NAME)";
				SDKROOT = auto;
				SUPPORTED_PLATFORMS = "iphoneos iphonesimulator macosx";
				SWIFT_EMIT_LOC_STRINGS = NO;
				SWIFT_VERSION = 5.0;
				TARGETED_DEVICE_FAMILY = "1,2";
				TEST_TARGET_NAME = MusicPlayer;
			};
			name = Release;
		};
/* End XCBuildConfiguration section */

/* Begin XCConfigurationList section */
		D6CF009D2AEAB1B6009DBD07 /* Build configuration list for PBXProject "MusicPlayer" */ = {
			isa = XCConfigurationList;
			buildConfigurations = (
				D6CF00C52AEAB1BA009DBD07 /* Debug */,
				D6CF00C62AEAB1BA009DBD07 /* Release */,
			);
			defaultConfigurationIsVisible = 0;
			defaultConfigurationName = Release;
		};
		D6CF00C72AEAB1BA009DBD07 /* Build configuration list for PBXNativeTarget "MusicPlayer" */ = {
			isa = XCConfigurationList;
			buildConfigurations = (
				D6CF00C82AEAB1BA009DBD07 /* Debug */,
				D6CF00C92AEAB1BA009DBD07 /* Release */,
			);
			defaultConfigurationIsVisible = 0;
			defaultConfigurationName = Release;
		};
		D6CF00CA2AEAB1BA009DBD07 /* Build configuration list for PBXNativeTarget "MusicPlayerTests" */ = {
			isa = XCConfigurationList;
			buildConfigurations = (
				D6CF00CB2AEAB1BA009DBD07 /* Debug */,
				D6CF00CC2AEAB1BA009DBD07 /* Release */,
			);
			defaultConfigurationIsVisible = 0;
			defaultConfigurationName = Release;
		};
		D6CF00CD2AEAB1BA009DBD07 /* Build configuration list for PBXNativeTarget "MusicPlayerUITests" */ = {
			isa = XCConfigurationList;
			buildConfigurations = (
				D6CF00CE2AEAB1BA009DBD07 /* Debug */,
				D6CF00CF2AEAB1BA009DBD07 /* Release */,
			);
			defaultConfigurationIsVisible = 0;
			defaultConfigurationName = Release;
		};
/* End XCConfigurationList section */
	};
	rootObject = D6CF009A2AEAB1B6009DBD07 /* Project object */;
}
